<?xml version="1.0" encoding="utf-8"?>
<Project ToolsVersion="4.0" xmlns="http://schemas.microsoft.com/developer/msbuild/2003">
  <ItemGroup>
    <Filter Include="Source Files">
      <UniqueIdentifier>{4FC737F1-C7A5-4376-A066-2A32D752A2FF}</UniqueIdentifier>
      <Extensions>cpp;c;cc;cxx;def;odl;idl;hpj;bat;asm;asmx</Extensions>
    </Filter>
    <Filter Include="Header Files">
      <UniqueIdentifier>{93995380-89BD-4b04-88EB-625FBE52EBFB}</UniqueIdentifier>
      <Extensions>h;hh;hpp;hxx;hm;inl;inc;ipp;xsd</Extensions>
    </Filter>
    <Filter Include="Resource Files">
      <UniqueIdentifier>{67DA6AB6-F800-4c08-8B7A-83BB121AAD01}</UniqueIdentifier>
      <Extensions>rc;ico;cur;bmp;dlg;rc2;rct;bin;rgs;gif;jpg;jpeg;jpe;resx;tiff;tif;png;wav;mfcribbon-ms</Extensions>
    </Filter>
    <Filter Include="Library">
      <UniqueIdentifier>{b57509e8-0b0b-4194-bd82-4bd208c6c7ac}</UniqueIdentifier>
    </Filter>
    <Filter Include="Library\curl">
      <UniqueIdentifier>{753b33c9-8f58-4615-bc8a-4441daef4152}</UniqueIdentifier>
    </Filter>
  </ItemGroup>
  <ItemGroup>
    <ClCompile Include="main.cpp">
      <Filter>Source Files</Filter>
    </ClCompile>
    <ClCompile Include="Webhook.cpp">
      <Filter>Source Files</Filter>
    </ClCompile>
  </ItemGroup>
  <ItemGroup>
    <ClInclude Include="include\curl\curl.h">
      <Filter>Library\curl</Filter>
    </ClInclude>
    <ClInclude Include="include\curl\curlver.h">
      <Filter>Library\curl</Filter>
    </ClInclude>
    <ClInclude Include="include\curl\easy.h">
      <Filter>Library\curl</Filter>
    </ClInclude>
    <ClInclude Include="include\curl\mprintf.h">
      <Filter>Library\curl</Filter>
    </ClInclude>
    <ClInclude Include="include\curl\multi.h">
      <Filter>Library\curl</Filter>
    </ClInclude>
    <ClInclude Include="include\curl\stdcheaders.h">
      <Filter>Library\curl</Filter>
    </ClInclude>
    <ClInclude Include="include\curl\system.h">
      <Filter>Library\curl</Filter>
    </ClInclude>
    <ClInclude Include="include\curl\typecheck-gcc.h">
      <Filter>Library\curl</Filter>
    </ClInclude>
    <ClInclude Include="include\curl\urlapi.h">
      <Filter>Library\curl</Filter>
    </ClInclude>
    <ClInclude Include="Webhook.h">
      <Filter>Header Files</Filter>
    </ClInclude>
  </ItemGroup>
</Project>